
Microsoft Visual Studio Solution File, Format Version 12.00
# Visual Studio Version 17
VisualStudioVersion = 17.0.31717.71
MinimumVisualStudioVersion = 10.0.40219.1
Project("{9A19103F-16F7-4668-BE54-9A1E7A4F7556}") = "ListTask.Core", "ListTask\ListTask.Core.csproj", "{14F14D84-7697-4628-8B1F-17EDFE1595FA}"
EndProject
Project("{FAE04EC0-301F-11D3-BF4B-00C04F79EFBC}") = "ListTask.WebApi", "ListTask.WebApi\ListTask.WebApi.csproj", "{2EAAE23C-7B81-41D0-A552-2C8454F11760}"
EndProject
Global
	GlobalSection(SolutionConfigurationPlatforms) = preSolution
		Debug|Any CPU = Debug|Any CPU
		Release|Any CPU = Release|Any CPU
	EndGlobalSection
	GlobalSection(ProjectConfigurationPlatforms) = postSolution
		{14F14D84-7697-4628-8B1F-17EDFE1595FA}.Debug|Any CPU.ActiveCfg = Debug|Any CPU
		{14F14D84-7697-4628-8B1F-17EDFE1595FA}.Debug|Any CPU.Build.0 = Debug|Any CPU
		{14F14D84-7697-4628-8B1F-17EDFE1595FA}.Release|Any CPU.ActiveCfg = Release|Any CPU
		{14F14D84-7697-4628-8B1F-17EDFE1595FA}.Release|Any CPU.Build.0 = Release|Any CPU
		{2EAAE23C-7B81-41D0-A552-2C8454F11760}.Debug|Any CPU.ActiveCfg = Debug|Any CPU
		{2EAAE23C-7B81-41D0-A552-2C8454F11760}.Debug|Any CPU.Build.0 = Debug|Any CPU
		{2EAAE23C-7B81-41D0-A552-2C8454F11760}.Release|Any CPU.ActiveCfg = Release|Any CPU
		{2EAAE23C-7B81-41D0-A552-2C8454F11760}.Release|Any CPU.Build.0 = Release|Any CPU
	EndGlobalSection
	GlobalSection(SolutionProperties) = preSolution
		HideSolutionNode = FALSE
	EndGlobalSection
	GlobalSection(ExtensibilityGlobals) = postSolution
		SolutionGuid = {399BDC90-89C1-4F98-AEB8-95918750C9A5}
	EndGlobalSection
EndGlobal
